
Microsoft Visual Studio Solution File, Format Version 12.00
# Visual Studio 2012
Project("{FAE04EC0-301F-11D3-BF4B-00C04F79EFBC}") = "VeryHard", "VeryHard\VeryHard.csproj", "{7165AD56-2FDC-456C-9E36-FA43AAD3ED58}"
EndProject
Global
	GlobalSection(SolutionConfigurationPlatforms) = preSolution
		Debug|Any CPU = Debug|Any CPU
		Release|Any CPU = Release|Any CPU
	EndGlobalSection
	GlobalSection(ProjectConfigurationPlatforms) = postSolution
		{7165AD56-2FDC-456C-9E36-FA43AAD3ED58}.Debug|Any CPU.ActiveCfg = Debug|Any CPU
		{7165AD56-2FDC-456C-9E36-FA43AAD3ED58}.Debug|Any CPU.Build.0 = Debug|Any CPU
		{7165AD56-2FDC-456C-9E36-FA43AAD3ED58}.Release|Any CPU.ActiveCfg = Release|Any CPU
		{7165AD56-2FDC-456C-9E36-FA43AAD3ED58}.Release|Any CPU.Build.0 = Release|Any CPU
	EndGlobalSection
EndGlobal
